{
  "name": "react-picker-view",
  "version": "1.0.1",
  "lockfileVersion": 1,
  "requires": true,
  "dependencies": {
    "@react-spring/animated": {
      "version": "9.3.1",
      "resolved": "https://registry.npmmirror.com/@react-spring/animated/download/@react-spring/animated-9.3.1.tgz",
      "integrity": "sha512-23YaERZ++BwZ8F8PxPFqrpOwp/JZun1Pj6aHZtPAU42j5LycBRasT9XMw7Eyr7zNFhT+rl3R3wFfd4WX6Ax+UA==",
      "requires": {
        "@react-spring/shared": "~9.3.0",
        "@react-spring/types": "~9.3.0"
      }
    },
    "@react-spring/core": {
      "version": "9.3.1",
      "resolved": "https://registry.npmmirror.com/@react-spring/core/download/@react-spring/core-9.3.1.tgz",
      "integrity": "sha512-8rmfmEHLHGtF1CUiXRn64YJqsXNxv2cGX8oNnBnsuoE33c48Zc34t2VIMB4R9q5zwIUCvDBGfiEenA8ZAPxqOQ==",
      "requires": {
        "@react-spring/animated": "~9.3.0",
        "@react-spring/shared": "~9.3.0",
        "@react-spring/types": "~9.3.0"
      }
    },
    "@react-spring/rafz": {
      "version": "9.3.1",
      "resolved": "https://registry.npmmirror.com/@react-spring/rafz/download/@react-spring/rafz-9.3.1.tgz",
      "integrity": "sha512-fEBMCarGVl+/2kdO+g6Zig4F+3ymwmcGN8S71gb1c7Cbbxb87kviPz8EhshfIHoiLeJPGlqwcuGbxNmZbBamvA=="
    },
    "@react-spring/shared": {
      "version": "9.3.1",
      "resolved": "https://registry.npmmirror.com/@react-spring/shared/download/@react-spring/shared-9.3.1.tgz",
      "integrity": "sha512-jhPpxzURGo6Nty90ex1lkxmZae7w/VAbnGmb/nXcYoZwSoNR+W2aAd00iXsh2ZGz6MgoJOsc495JeG3uC7Am8A==",
      "requires": {
        "@react-spring/rafz": "~9.3.0",
        "@react-spring/types": "~9.3.0"
      }
    },
    "@react-spring/types": {
      "version": "9.3.1",
      "resolved": "https://registry.npmmirror.com/@react-spring/types/download/@react-spring/types-9.3.1.tgz",
      "integrity": "sha512-W/YMJMX35XgGGzX0gKORBTwnvQ+1loDOFN3XlZkW5fgpEY+7VkRUpPyqPWXQr3n6lHrsLmHIGdpznqZi54ACTQ=="
    },
    "@react-spring/web": {
      "version": "9.3.1",
      "resolved": "https://registry.npmmirror.com/@react-spring/web/download/@react-spring/web-9.3.1.tgz",
      "integrity": "sha512-sisZIgFGva/Z+xKWPSfXpukF0AP3kR9ALTxlHL87fVotMUCJX5vtH/YlVcywToEFwTHKt3MpI5Wy2M+vgVEeaw==",
      "requires": {
        "@react-spring/animated": "~9.3.0",
        "@react-spring/core": "~9.3.0",
        "@react-spring/shared": "~9.3.0",
        "@react-spring/types": "~9.3.0"
      }
    },
    "@use-gesture/core": {
      "version": "10.2.4",
      "resolved": "https://registry.npmmirror.com/@use-gesture/core/download/@use-gesture/core-10.2.4.tgz",
      "integrity": "sha512-fk1LjCBj43BKb8NE05qkdtPOR0ngA7PwgvEqfFap/h+s7QHi+JTv4/mtDQ4wI9zzem+Ry5EKrHS/cVdBehI4wA=="
    },
    "@use-gesture/react": {
      "version": "10.2.4",
      "resolved": "https://registry.npmmirror.com/@use-gesture/react/download/@use-gesture/react-10.2.4.tgz",
      "integrity": "sha512-CbqyRj+qNbRBOGmS8OWtaOa29fxEr7bKTYHvPuMQ1wsgQDh2/DqQxbp7cFxAg6WZ8oZjppDj/EkWnw22WpIIWQ==",
      "requires": {
        "@use-gesture/core": "10.2.4"
      }
    }
  }
}
